
Microsoft Visual Studio Solution File, Format Version 12.00
# Visual Studio Version 17
VisualStudioVersion = 17.7.34031.279
MinimumVisualStudioVersion = 10.0.40219.1
Project("{2150E333-8FDC-42A3-9474-1A3956D46DE8}") = "Services", "Services", "{8D065A8E-DAB5-40B9-8631-B99093E359E9}"
EndProject
Project("{FAE04EC0-301F-11D3-BF4B-00C04F79EFBC}") = "Catalog.API", "Catalog.API\Catalog.API.csproj", "{930EC489-5D1E-488B-B830-C13ACCC8A2AB}"
EndProject
Global
	GlobalSection(SolutionConfigurationPlatforms) = preSolution
		Debug|Any CPU = Debug|Any CPU
		Release|Any CPU = Release|Any CPU
	EndGlobalSection
	GlobalSection(ProjectConfigurationPlatforms) = postSolution
		{930EC489-5D1E-488B-B830-C13ACCC8A2AB}.Debug|Any CPU.ActiveCfg = Debug|Any CPU
		{930EC489-5D1E-488B-B830-C13ACCC8A2AB}.Debug|Any CPU.Build.0 = Debug|Any CPU
		{930EC489-5D1E-488B-B830-C13ACCC8A2AB}.Release|Any CPU.ActiveCfg = Release|Any CPU
		{930EC489-5D1E-488B-B830-C13ACCC8A2AB}.Release|Any CPU.Build.0 = Release|Any CPU
	EndGlobalSection
	GlobalSection(SolutionProperties) = preSolution
		HideSolutionNode = FALSE
	EndGlobalSection
	GlobalSection(NestedProjects) = preSolution
		{930EC489-5D1E-488B-B830-C13ACCC8A2AB} = {8D065A8E-DAB5-40B9-8631-B99093E359E9}
	EndGlobalSection
	GlobalSection(ExtensibilityGlobals) = postSolution
		SolutionGuid = {4CE479AD-908D-4E41-B75C-EDB8FE69ED62}
	EndGlobalSection
EndGlobal
